# optimism_synth fixture hash-lock (W3-C, ADR-0022 HB-D)
# DO NOT EDIT BY HAND — re-run _generator.py to refresh.
# W4 sub-gate C aborts if any hash here drifts from the on-disk fixture.
# Format: <sha256_hex>  <filename>. NOT sha256sum-compatible (comments).
# Verify via tools.calibration_harness.verify_optimism_synth_hash_lock().
# schema_version = 1

61ea63373e9b1110670034d64ef131037954051c04942a4ab14fb465e81dfb68  corner_01.json
320ccd5468f7fbd4dc5ec7b98bfe8c80495552566af07cc0bfe0cad1e4e7e48b  corner_02.json
f68fb7205cfb1e757fa50b44fd5d39daf5a9a6593f6f83997bc681af1c115a48  corner_03.json
d65fe96ea7d316d21fde8660fef2b4b545ce9185e29d3658d1b31e19c96f85b7  corner_04.json
ca721e8130afc41af69904f95012699ec74622798f0e94190abae6b587e86bd6  corner_05.json
31b70edf03a5ecff80ef5acb82aadac92cd2d7e88376f676e6d1802805fb28d2  corner_06.json
62a546aeec9442172cd48ebb302acae4ee0d3583a04fba6b001c1726d0e8a6d5  corner_07.json
c887dd9c6744cdf5ceecb894f1baf82c59155023ae6d0e3534de51b086632b40  corner_08.json
